
Microsoft Visual Studio Solution File, Format Version 12.00
# Visual Studio Version 16
VisualStudioVersion = 16.0.30523.141
MinimumVisualStudioVersion = 10.0.40219.1
Project("{9A19103F-16F7-4668-BE54-9A1E7A4F7556}") = "MeterInch", "MeterInch\MeterInch.csproj", "{722980FB-567D-4607-A64F-F1A7C08E8454}"
EndProject
Project("{FAE04EC0-301F-11D3-BF4B-00C04F79EFBC}") = "MeterInch.Test", "MeterInch.Test\MeterInch.Test.csproj", "{82CC8C60-091A-4206-B4E4-0683CDA3EBCC}"
EndProject
Project("{FAE04EC0-301F-11D3-BF4B-00C04F79EFBC}") = "MeterInch.Tests", "MeterInch.Tests\MeterInch.Tests.csproj", "{357564B2-A619-4D5E-838E-26317623218C}"
EndProject
Global
	GlobalSection(SolutionConfigurationPlatforms) = preSolution
		Debug|Any CPU = Debug|Any CPU
		Release|Any CPU = Release|Any CPU
	EndGlobalSection
	GlobalSection(ProjectConfigurationPlatforms) = postSolution
		{722980FB-567D-4607-A64F-F1A7C08E8454}.Debug|Any CPU.ActiveCfg = Debug|Any CPU
		{722980FB-567D-4607-A64F-F1A7C08E8454}.Debug|Any CPU.Build.0 = Debug|Any CPU
		{722980FB-567D-4607-A64F-F1A7C08E8454}.Release|Any CPU.ActiveCfg = Release|Any CPU
		{722980FB-567D-4607-A64F-F1A7C08E8454}.Release|Any CPU.Build.0 = Release|Any CPU
		{82CC8C60-091A-4206-B4E4-0683CDA3EBCC}.Debug|Any CPU.ActiveCfg = Debug|Any CPU
		{82CC8C60-091A-4206-B4E4-0683CDA3EBCC}.Debug|Any CPU.Build.0 = Debug|Any CPU
		{82CC8C60-091A-4206-B4E4-0683CDA3EBCC}.Release|Any CPU.ActiveCfg = Release|Any CPU
		{82CC8C60-091A-4206-B4E4-0683CDA3EBCC}.Release|Any CPU.Build.0 = Release|Any CPU
		{357564B2-A619-4D5E-838E-26317623218C}.Debug|Any CPU.ActiveCfg = Debug|Any CPU
		{357564B2-A619-4D5E-838E-26317623218C}.Debug|Any CPU.Build.0 = Debug|Any CPU
		{357564B2-A619-4D5E-838E-26317623218C}.Release|Any CPU.ActiveCfg = Release|Any CPU
		{357564B2-A619-4D5E-838E-26317623218C}.Release|Any CPU.Build.0 = Release|Any CPU
	EndGlobalSection
	GlobalSection(SolutionProperties) = preSolution
		HideSolutionNode = FALSE
	EndGlobalSection
	GlobalSection(ExtensibilityGlobals) = postSolution
		SolutionGuid = {6D90198E-A5FC-4BD3-AC0D-557B5BC76917}
	EndGlobalSection
EndGlobal
